Microsoft Visual Studio Solution File, Format Version 12.00
# Visual Studio Version 17
VisualStudioVersion = 17.5.2.0
MinimumVisualStudioVersion = 10.0.40219.1
Project("{2150E333-8FDC-42A3-9474-1A3956D46DE8}") = "applications", "applications", "{A10A91C2-6485-6656-963B-F6FCBC812542}"
EndProject
Project("{2150E333-8FDC-42A3-9474-1A3956D46DE8}") = "kubernetes", "kubernetes", "{5893AE60-8AC2-EC16-3557-A30DEE869E72}"
EndProject
Project("{2150E333-8FDC-42A3-9474-1A3956D46DE8}") = "src", "src", "{BCC9BFA7-EC6F-7C2E-CA3E-13DF20D64142}"
EndProject
Project("{FAE04EC0-301F-11D3-BF4B-00C04F79EFBC}") = "Api", "Api\\Api.csproj", "{E5A4DB04-F39A-A081-6C99-3CCB8CDCE0FD}"
EndProject
Global
	GlobalSection(SolutionConfigurationPlatforms) = preSolution
		Debug|Any CPU = Debug|Any CPU
		Release|Any CPU = Release|Any CPU
	EndGlobalSection
	GlobalSection(ProjectConfigurationPlatforms) = postSolution
		{E5A4DB04-F39A-A081-6C99-3CCB8CDCE0FD}.Debug|Any CPU.ActiveCfg = Debug|Any CPU
		{E5A4DB04-F39A-A081-6C99-3CCB8CDCE0FD}.Debug|Any CPU.Build.0 = Debug|Any CPU
		{E5A4DB04-F39A-A081-6C99-3CCB8CDCE0FD}.Release|Any CPU.ActiveCfg = Release|Any CPU
		{E5A4DB04-F39A-A081-6C99-3CCB8CDCE0FD}.Release|Any CPU.Build.0 = Release|Any CPU
	EndGlobalSection
	GlobalSection(SolutionProperties) = preSolution
		HideSolutionNode = FALSE
	EndGlobalSection
	GlobalSection(NestedProjects) = preSolution
		{5893AE60-8AC2-EC16-3557-A30DEE869E72} = {A10A91C2-6485-6656-963B-F6FCBC812542}
		{BCC9BFA7-EC6F-7C2E-CA3E-13DF20D64142} = {5893AE60-8AC2-EC16-3557-A30DEE869E72}
		{E5A4DB04-F39A-A081-6C99-3CCB8CDCE0FD} = {BCC9BFA7-EC6F-7C2E-CA3E-13DF20D64142}
	EndGlobalSection
	GlobalSection(ExtensibilityGlobals) = postSolution
		SolutionGuid = {470866FB-556E-4730-9D79-FA526F6E03FD}
	EndGlobalSection
EndGlobal
